
Microsoft Visual Studio Solution File, Format Version 12.00
# Visual Studio Version 17
VisualStudioVersion = 17.5.33516.290
MinimumVisualStudioVersion = 10.0.40219.1
Project("{9A19103F-16F7-4668-BE54-9A1E7A4F7556}") = "WpfNetDemo", "WpfNetDemo.csproj", "{1BEF8FB7-25D3-45BC-A31E-CA280F5720E8}"
EndProject
Project("{FAE04EC0-301F-11D3-BF4B-00C04F79EFBC}") = "WpfTemplateDemo", "WpfTemplateDemo\WpfTemplateDemo.csproj", "{1239455D-F365-44D6-BED2-E129E5D3B030}"
EndProject
Global
	GlobalSection(SolutionConfigurationPlatforms) = preSolution
		Debug|Any CPU = Debug|Any CPU
		Release|Any CPU = Release|Any CPU
	EndGlobalSection
	GlobalSection(ProjectConfigurationPlatforms) = postSolution
		{1BEF8FB7-25D3-45BC-A31E-CA280F5720E8}.Debug|Any CPU.ActiveCfg = Debug|Any CPU
		{1BEF8FB7-25D3-45BC-A31E-CA280F5720E8}.Debug|Any CPU.Build.0 = Debug|Any CPU
		{1BEF8FB7-25D3-45BC-A31E-CA280F5720E8}.Release|Any CPU.ActiveCfg = Release|Any CPU
		{1BEF8FB7-25D3-45BC-A31E-CA280F5720E8}.Release|Any CPU.Build.0 = Release|Any CPU
		{1239455D-F365-44D6-BED2-E129E5D3B030}.Debug|Any CPU.ActiveCfg = Debug|Any CPU
		{1239455D-F365-44D6-BED2-E129E5D3B030}.Debug|Any CPU.Build.0 = Debug|Any CPU
		{1239455D-F365-44D6-BED2-E129E5D3B030}.Release|Any CPU.ActiveCfg = Release|Any CPU
		{1239455D-F365-44D6-BED2-E129E5D3B030}.Release|Any CPU.Build.0 = Release|Any CPU
	EndGlobalSection
	GlobalSection(SolutionProperties) = preSolution
		HideSolutionNode = FALSE
	EndGlobalSection
	GlobalSection(ExtensibilityGlobals) = postSolution
		SolutionGuid = {CEAF960A-EBD8-47FE-A4A4-DFDCFB23F01A}
	EndGlobalSection
EndGlobal
